<?xml version="1.0" encoding="utf-8"?>
<Project ToolsVersion="4.0" xmlns="http://schemas.microsoft.com/developer/msbuild/2003">
  <ItemGroup>
    <ClInclude Include="..\ai.h" />
    <ClInclude Include="..\aicommon.h" />
    <ClInclude Include="..\art.h" />
    <ClInclude Include="..\bigmap.h" />
    <ClInclude Include="..\bup.h" />
    <ClInclude Include="..\file.h" />
    <ClInclude Include="..\font1.h" />
    <ClInclude Include="..\font2.h" />
    <ClInclude Include="..\gamestat.h" />
    <ClInclude Include="..\grenpal.h" />
    <ClInclude Include="..\hitscan.h" />
    <ClInclude Include="..\intro.h" />
    <ClInclude Include="..\jasonpal.h" />
    <ClInclude Include="..\level.h" />
    <ClInclude Include="..\local.h" />
    <ClInclude Include="..\manpal.h" />
    <ClInclude Include="..\map.h" />
    <ClInclude Include="..\menu.h" />
    <ClInclude Include="..\object.h" />
    <ClInclude Include="..\pic.h" />
    <ClInclude Include="..\picset.h" />
    <ClInclude Include="..\plax.h" />
    <ClInclude Include="..\print.h" />
    <ClInclude Include="..\profile.h" />
    <ClInclude Include="..\rndtab.h" />
    <ClInclude Include="..\route.h" />
    <ClInclude Include="..\sequence.h" />
    <ClInclude Include="..\slevel.h" />
    <ClInclude Include="..\sound.h" />
    <ClInclude Include="..\spr.h" />
    <ClInclude Include="..\sprite.h" />
    <ClInclude Include="..\sqrttab.h" />
    <ClInclude Include="..\sruins.h" />
    <ClInclude Include="..\util.h" />
    <ClInclude Include="..\v_blank.h" />
    <ClInclude Include="..\walls.h" />
    <ClInclude Include="..\weapon.h" />
    <ClInclude Include="..\app.h" />
    <ClInclude Include="..\vid.h" />
  </ItemGroup>
  <ItemGroup>
    <ClCompile Include="..\ai.c" />
    <ClCompile Include="..\ai2.c" />
    <ClCompile Include="..\aicommon.c" />
    <ClCompile Include="..\airbub.c" />
    <ClCompile Include="..\art.c" />
    <ClCompile Include="..\bigmap.c" />
    <ClCompile Include="..\bup.c" />
    <ClCompile Include="..\file.c" />
    <ClCompile Include="..\hitscan.c" />
    <ClCompile Include="..\intro.c" />
    <ClCompile Include="..\level.c" />
    <ClCompile Include="..\local.c" />
    <ClCompile Include="..\map.c" />
    <ClCompile Include="..\menu.c" />
    <ClCompile Include="..\object.c" />
    <ClCompile Include="..\pic.c" />
    <ClCompile Include="..\picset.c" />
    <ClCompile Include="..\plax.c" />
    <ClCompile Include="..\print.c" />
    <ClCompile Include="..\profile.c" />
    <ClCompile Include="..\route.c" />
    <ClCompile Include="..\sequence.c" />
    <ClCompile Include="..\sound.c" />
    <ClCompile Include="..\spr.c" />
    <ClCompile Include="..\sprite.c" />
    <ClCompile Include="..\sruins.c" />
    <ClCompile Include="..\util.c" />
    <ClCompile Include="..\v_blank.c" />
    <ClCompile Include="..\walls.c" />
    <ClCompile Include="..\weapon.c" />
    <ClCompile Include="app.c" />
    <ClCompile Include="..\vid_gl.c" />
    <ClCompile Include="..\mth.c" />
    <ClCompile Include="..\vid_cel.c" />
  </ItemGroup>
</Project>