<?xml version="1.0" encoding="utf-8"?>
<Project ToolsVersion="4.0" xmlns="http://schemas.microsoft.com/developer/msbuild/2003">
  <ItemGroup>
    <ClInclude Include="..\sega\libsn.h">
      <Filter>sega</Filter>
    </ClInclude>
    <ClInclude Include="..\sega\machine.h">
      <Filter>sega</Filter>
    </ClInclude>
    <ClInclude Include="..\sega\sega_bup.h">
      <Filter>sega</Filter>
    </ClInclude>
    <ClInclude Include="..\sega\sega_cdc.h">
      <Filter>sega</Filter>
    </ClInclude>
    <ClInclude Include="..\sega\sega_dbg.h">
      <Filter>sega</Filter>
    </ClInclude>
    <ClInclude Include="..\sega\sega_dma.h">
      <Filter>sega</Filter>
    </ClInclude>
    <ClInclude Include="..\sega\sega_gfs.h">
      <Filter>sega</Filter>
    </ClInclude>
    <ClInclude Include="..\sega\sega_int.h">
      <Filter>sega</Filter>
    </ClInclude>
    <ClInclude Include="..\sega\sega_mem.h">
      <Filter>sega</Filter>
    </ClInclude>
    <ClInclude Include="..\sega\sega_mth.h">
      <Filter>sega</Filter>
    </ClInclude>
    <ClInclude Include="..\sega\sega_per.h">
      <Filter>sega</Filter>
    </ClInclude>
    <ClInclude Include="..\sega\sega_scl.h">
      <Filter>sega</Filter>
    </ClInclude>
    <ClInclude Include="..\sega\sega_snd.h">
      <Filter>sega</Filter>
    </ClInclude>
    <ClInclude Include="..\sega\sega_spr.h">
      <Filter>sega</Filter>
    </ClInclude>
    <ClInclude Include="..\sega\sega_sys.h">
      <Filter>sega</Filter>
    </ClInclude>
    <ClInclude Include="..\sega\sega_xpt.h">
      <Filter>sega</Filter>
    </ClInclude>
    <ClInclude Include="..\ai.h" />
    <ClInclude Include="..\aicommon.h" />
    <ClInclude Include="..\art.h" />
    <ClInclude Include="..\bigmap.h" />
    <ClInclude Include="..\bup.h" />
    <ClInclude Include="..\dma.h" />
    <ClInclude Include="..\file.h" />
    <ClInclude Include="..\font0.h" />
    <ClInclude Include="..\font1.h" />
    <ClInclude Include="..\font2.h" />
    <ClInclude Include="..\gamestat.h" />
    <ClInclude Include="..\grenpal.h" />
    <ClInclude Include="..\hitscan.h" />
    <ClInclude Include="..\initmain.h" />
    <ClInclude Include="..\intro.h" />
    <ClInclude Include="..\jasonpal.h" />
    <ClInclude Include="..\level.h" />
    <ClInclude Include="..\local.h" />
    <ClInclude Include="..\manpal.h" />
    <ClInclude Include="..\map.h" />
    <ClInclude Include="..\megainit.h" />
    <ClInclude Include="..\menu.h" />
    <ClInclude Include="..\mov.h" />
    <ClInclude Include="..\object.h" />
    <ClInclude Include="..\pic.h" />
    <ClInclude Include="..\picset.h" />
    <ClInclude Include="..\plax.h" />
    <ClInclude Include="..\print.h" />
    <ClInclude Include="..\profile.h" />
    <ClInclude Include="..\rndtab.h" />
    <ClInclude Include="..\route.h" />
    <ClInclude Include="..\sequence.h" />
    <ClInclude Include="..\slevel.h" />
    <ClInclude Include="..\sound.h" />
    <ClInclude Include="..\spr.h" />
    <ClInclude Include="..\sprite.h" />
    <ClInclude Include="..\sqrttab.h" />
    <ClInclude Include="..\sruins.h" />
    <ClInclude Include="..\util.h" />
    <ClInclude Include="..\v_blank.h" />
    <ClInclude Include="..\wallasm.h" />
    <ClInclude Include="..\walls.h" />
    <ClInclude Include="..\weapon.h" />
    <ClInclude Include="..\app.h" />
    <ClInclude Include="..\vid.h" />
  </ItemGroup>
  <ItemGroup>
    <Filter Include="sega">
      <UniqueIdentifier>{afc971e9-98d1-4181-814e-ae8c38090feb}</UniqueIdentifier>
    </Filter>
  </ItemGroup>
  <ItemGroup>
    <ClCompile Include="..\ai.c" />
    <ClCompile Include="..\ai2.c" />
    <ClCompile Include="..\aicommon.c" />
    <ClCompile Include="..\airbub.c" />
    <ClCompile Include="..\art.c" />
    <ClCompile Include="..\bigmap.c" />
    <ClCompile Include="..\bup.c" />
    <ClCompile Include="..\dial.c" />
    <ClCompile Include="..\dma.c" />
    <ClCompile Include="..\file.c" />
    <ClCompile Include="..\hitscan.c" />
    <ClCompile Include="..\initmain.c" />
    <ClCompile Include="..\intro.c" />
    <ClCompile Include="..\keygen.c" />
    <ClCompile Include="..\level.c" />
    <ClCompile Include="..\local.c" />
    <ClCompile Include="..\map.c" />
    <ClCompile Include="..\megainit.c" />
    <ClCompile Include="..\menu.c" />
    <ClCompile Include="..\mov.c" />
    <ClCompile Include="..\object.c" />
    <ClCompile Include="..\pic.c" />
    <ClCompile Include="..\picset.c" />
    <ClCompile Include="..\plax.c" />
    <ClCompile Include="..\print.c" />
    <ClCompile Include="..\profile.c" />
    <ClCompile Include="..\route.c" />
    <ClCompile Include="..\scl_func.c" />
    <ClCompile Include="..\sequence.c" />
    <ClCompile Include="..\sound.c" />
    <ClCompile Include="..\spr.c" />
    <ClCompile Include="..\sprite.c" />
    <ClCompile Include="..\sruins.c" />
    <ClCompile Include="..\util.c" />
    <ClCompile Include="..\v_blank.c" />
    <ClCompile Include="..\walls.c" />
    <ClCompile Include="..\weapon.c" />
    <ClCompile Include="app_win.c" />
    <ClCompile Include="..\vid_gl.c" />
  </ItemGroup>
</Project>