<?xml version="1.0" encoding="utf-8"?>
<Project ToolsVersion="4.0" xmlns="http://schemas.microsoft.com/developer/msbuild/2003">
  <ItemGroup>
    <ClCompile Include="..\AI.C" />
    <ClCompile Include="..\AI2.C" />
    <ClCompile Include="..\AICOMMON.C" />
    <ClCompile Include="..\AIRBUB.C" />
    <ClCompile Include="..\ART.C" />
    <ClCompile Include="..\BIGMAP.C" />
    <ClCompile Include="..\BUP.C" />
    <ClCompile Include="..\DIAL.C" />
    <ClCompile Include="..\DMA.C" />
    <ClCompile Include="..\FILE.C" />
    <ClCompile Include="..\HITSCAN.C" />
    <ClCompile Include="..\INITMAIN.C" />
    <ClCompile Include="..\INTRO.C" />
    <ClCompile Include="..\KEYGEN.C" />
    <ClCompile Include="..\LEVEL.C" />
    <ClCompile Include="..\LOCAL.C" />
    <ClCompile Include="..\MAP.C" />
    <ClCompile Include="..\MEGAINIT.C" />
    <ClCompile Include="..\MENU.C" />
    <ClCompile Include="..\MOV.C" />
    <ClCompile Include="..\OBJECT.C" />
    <ClCompile Include="..\PIC.C" />
    <ClCompile Include="..\PICSET.C" />
    <ClCompile Include="..\PLAX.C" />
    <ClCompile Include="..\PRINT.C" />
    <ClCompile Include="..\PROFILE.C" />
    <ClCompile Include="..\ROUTE.C" />
    <ClCompile Include="..\SCL_FUNC.C" />
    <ClCompile Include="..\SEQUENCE.C" />
    <ClCompile Include="..\SOUND.C" />
    <ClCompile Include="..\SPR.C" />
    <ClCompile Include="..\SPRITE.C" />
    <ClCompile Include="..\SRUINS.C" />
    <ClCompile Include="..\STATBAR.C" />
    <ClCompile Include="..\UTIL.C" />
    <ClCompile Include="..\V_BLANK.C" />
    <ClCompile Include="..\WALLS.C" />
    <ClCompile Include="..\WEAPON.C" />
  </ItemGroup>
  <ItemGroup>
    <ClInclude Include="..\AI.H" />
    <ClInclude Include="..\AICOMMON.H" />
    <ClInclude Include="..\ART.H" />
    <ClInclude Include="..\BIGMAP.H" />
    <ClInclude Include="..\BUP.H" />
    <ClInclude Include="..\DMA.H" />
    <ClInclude Include="..\FILE.H" />
    <ClInclude Include="..\FONT0.H" />
    <ClInclude Include="..\FONT1.H" />
    <ClInclude Include="..\FONT2.H" />
    <ClInclude Include="..\GAMESTAT.H" />
    <ClInclude Include="..\GRENPAL.H" />
    <ClInclude Include="..\HITSCAN.H" />
    <ClInclude Include="..\INITMAIN.H" />
    <ClInclude Include="..\INTRO.H" />
    <ClInclude Include="..\JASONPAL.H" />
    <ClInclude Include="..\LEVEL.H" />
    <ClInclude Include="..\LOCAL.H" />
    <ClInclude Include="..\MANPAL.H" />
    <ClInclude Include="..\MAP.H" />
    <ClInclude Include="..\MEGAINIT.H" />
    <ClInclude Include="..\MENU.H" />
    <ClInclude Include="..\MOV.H" />
    <ClInclude Include="..\OBJECT.H" />
    <ClInclude Include="..\PIC.H" />
    <ClInclude Include="..\PICSET.H" />
    <ClInclude Include="..\PLAX.H" />
    <ClInclude Include="..\PRINT.H" />
    <ClInclude Include="..\PROFILE.H" />
    <ClInclude Include="..\RNDTAB.H" />
    <ClInclude Include="..\ROUTE.H" />
    <ClInclude Include="..\SEQUENCE.H" />
    <ClInclude Include="..\SLEVEL.H" />
    <ClInclude Include="..\SOUND.H" />
    <ClInclude Include="..\SPR.H" />
    <ClInclude Include="..\SPRITE.H" />
    <ClInclude Include="..\SQRTTAB.H" />
    <ClInclude Include="..\SRUINS.H" />
    <ClInclude Include="..\UTIL.H" />
    <ClInclude Include="..\V_BLANK.H" />
    <ClInclude Include="..\WALLASM.H" />
    <ClInclude Include="..\WALLS.H" />
    <ClInclude Include="..\WEAPON.H" />
  </ItemGroup>
</Project>